// !$*UTF8*$!
{
	archiveVersion = 1;
	classes = {
	};
	objectVersion = 50;
	objects = {

/* Begin PBXFileReference section */
		41ACAD502343449700B8AA3B /* particle */ = {isa = PBXFileReference; lastKnownFileType = folder; path = particle; sourceTree = "<group>"; };
		41ACAD512343449700B8AA3B /* radio */ = {isa = PBXFileReference; lastKnownFileType = folder; path = radio; sourceTree = "<group>"; };
		41F742B823FAFDA5004CE5D7 /* energy_events.txt */ = {isa = PBXFileReference; lastKnownFileType = text; name = energy_events.txt; path = radio/energy_events.txt; sourceTree = "<group>"; };
/* End PBXFileReference section */

/* Begin PBXGroup section */
		41ACAD492343445500B8AA3B = {
			isa = PBXGroup;
			children = (
				41F742B823FAFDA5004CE5D7 /* energy_events.txt */,
				41ACAD502343449700B8AA3B /* particle */,
				41ACAD512343449700B8AA3B /* radio */,
			);
			sourceTree = "<group>";
		};
/* End PBXGroup section */

/* Begin PBXProject section */
		41ACAD4A2343445500B8AA3B /* Project object */ = {
			isa = PBXProject;
			attributes = {
				LastUpgradeCheck = 1010;
			};
			buildConfigurationList = 41ACAD4D2343445500B8AA3B /* Build configuration list for PBXProject "energyScale" */;
			compatibilityVersion = "Xcode 9.3";
			developmentRegion = en;
			hasScannedForEncodings = 0;
			knownRegions = (
				en,
			);
			mainGroup = 41ACAD492343445500B8AA3B;
			projectDirPath = "";
			projectRoot = "";
			targets = (
			);
		};
/* End PBXProject section */

/* Begin XCBuildConfiguration section */
		41ACAD4E2343445500B8AA3B /* Debug */ = {
			isa = XCBuildConfiguration;
			buildSettings = {
			};
			name = Debug;
		};
		41ACAD4F2343445500B8AA3B /* Release */ = {
			isa = XCBuildConfiguration;
			buildSettings = {
			};
			name = Release;
		};
/* End XCBuildConfiguration section */

/* Begin XCConfigurationList section */
		41ACAD4D2343445500B8AA3B /* Build configuration list for PBXProject "energyScale" */ = {
			isa = XCConfigurationList;
			buildConfigurations = (
				41ACAD4E2343445500B8AA3B /* Debug */,
				41ACAD4F2343445500B8AA3B /* Release */,
			);
			defaultConfigurationIsVisible = 0;
			defaultConfigurationName = Release;
		};
/* End XCConfigurationList section */
	};
	rootObject = 41ACAD4A2343445500B8AA3B /* Project object */;
}
